
Microsoft Visual Studio Solution File, Format Version 12.00
# Visual Studio 15
VisualStudioVersion = 15.0.28010.2041
MinimumVisualStudioVersion = 10.0.40219.1
Project("{9A19103F-16F7-4668-BE54-9A1E7A4F7556}") = "IceDog.xUnit.Test", "src\IceDog.xUnit.Test\IceDog.xUnit.Test.csproj", "{D7355BF7-A7C9-48C2-AF86-E8D03A26567D}"
EndProject
Global
	GlobalSection(SolutionConfigurationPlatforms) = preSolution
		Debug|Any CPU = Debug|Any CPU
		Release|Any CPU = Release|Any CPU
	EndGlobalSection
	GlobalSection(ProjectConfigurationPlatforms) = postSolution
		{D7355BF7-A7C9-48C2-AF86-E8D03A26567D}.Debug|Any CPU.ActiveCfg = Debug|Any CPU
		{D7355BF7-A7C9-48C2-AF86-E8D03A26567D}.Debug|Any CPU.Build.0 = Debug|Any CPU
		{D7355BF7-A7C9-48C2-AF86-E8D03A26567D}.Release|Any CPU.ActiveCfg = Release|Any CPU
		{D7355BF7-A7C9-48C2-AF86-E8D03A26567D}.Release|Any CPU.Build.0 = Release|Any CPU
	EndGlobalSection
	GlobalSection(SolutionProperties) = preSolution
		HideSolutionNode = FALSE
	EndGlobalSection
	GlobalSection(ExtensibilityGlobals) = postSolution
		SolutionGuid = {A1E31FE8-0201-494C-925F-0F7939E657E5}
	EndGlobalSection
EndGlobal
